// !$*UTF8*$!
{
	archiveVersion = 1;
	classes = {
	};
	objectVersion = 50;
	objects = {

/* Begin PBXBuildFile section */
		620ADF3C255D60740075AC99 /* AppDelegate.swift in Sources */ = {isa = PBXBuildFile; fileRef = 620ADF3B255D60740075AC99 /* AppDelegate.swift */; };
		620ADF3E255D60740075AC99 /* SceneDelegate.swift in Sources */ = {isa = PBXBuildFile; fileRef = 620ADF3D255D60740075AC99 /* SceneDelegate.swift */; };
		620ADF40255D60740075AC99 /* MovieFeedViewController.swift in Sources */ = {isa = PBXBuildFile; fileRef = 620ADF3F255D60740075AC99 /* MovieFeedViewController.swift */; };
		620ADF43255D60740075AC99 /* Main.storyboard in Resources */ = {isa = PBXBuildFile; fileRef = 620ADF41255D60740075AC99 /* Main.storyboard */; };
		620ADF45255D60740075AC99 /* Assets.xcassets in Resources */ = {isa = PBXBuildFile; fileRef = 620ADF44255D60740075AC99 /* Assets.xcassets */; };
		620ADF48255D60740075AC99 /* LaunchScreen.storyboard in Resources */ = {isa = PBXBuildFile; fileRef = 620ADF46255D60740075AC99 /* LaunchScreen.storyboard */; };
		625639E5255D736500F3F411 /* Movie.swift in Sources */ = {isa = PBXBuildFile; fileRef = 625639E4255D736500F3F411 /* Movie.swift */; };
		625639E8255D74D500F3F411 /* MovieManager.swift in Sources */ = {isa = PBXBuildFile; fileRef = 625639E7255D74D500F3F411 /* MovieManager.swift */; };
		625639EB255D752A00F3F411 /* HighlightCell.swift in Sources */ = {isa = PBXBuildFile; fileRef = 625639EA255D752A00F3F411 /* HighlightCell.swift */; };
		625639EF255D896500F3F411 /* PreviewCell.swift in Sources */ = {isa = PBXBuildFile; fileRef = 625639EE255D896500F3F411 /* PreviewCell.swift */; };
		625639F3255D89BC00F3F411 /* MovieCell.swift in Sources */ = {isa = PBXBuildFile; fileRef = 625639F2255D89BC00F3F411 /* MovieCell.swift */; };
		625639F6255D8B7500F3F411 /* UIImageViewExtensions.swift in Sources */ = {isa = PBXBuildFile; fileRef = 625639F5255D8B7500F3F411 /* UIImageViewExtensions.swift */; };
		625639F9255D986900F3F411 /* RecomentationsCell.swift in Sources */ = {isa = PBXBuildFile; fileRef = 625639F8255D986900F3F411 /* RecomentationsCell.swift */; };
		625639FC255D99B700F3F411 /* TitleHeaderView.swift in Sources */ = {isa = PBXBuildFile; fileRef = 625639FB255D99B700F3F411 /* TitleHeaderView.swift */; };
/* End PBXBuildFile section */

/* Begin PBXFileReference section */
		620ADF38255D60740075AC99 /* Netflix layout clone.app */ = {isa = PBXFileReference; explicitFileType = wrapper.application; includeInIndex = 0; path = "Netflix layout clone.app"; sourceTree = BUILT_PRODUCTS_DIR; };
		620ADF3B255D60740075AC99 /* AppDelegate.swift */ = {isa = PBXFileReference; lastKnownFileType = sourcecode.swift; path = AppDelegate.swift; sourceTree = "<group>"; };
		620ADF3D255D60740075AC99 /* SceneDelegate.swift */ = {isa = PBXFileReference; lastKnownFileType = sourcecode.swift; path = SceneDelegate.swift; sourceTree = "<group>"; };
		620ADF3F255D60740075AC99 /* MovieFeedViewController.swift */ = {isa = PBXFileReference; lastKnownFileType = sourcecode.swift; path = MovieFeedViewController.swift; sourceTree = "<group>"; };
		620ADF42255D60740075AC99 /* Base */ = {isa = PBXFileReference; lastKnownFileType = file.storyboard; name = Base; path = Base.lproj/Main.storyboard; sourceTree = "<group>"; };
		620ADF44255D60740075AC99 /* Assets.xcassets */ = {isa = PBXFileReference; lastKnownFileType = folder.assetcatalog; path = Assets.xcassets; sourceTree = "<group>"; };
		620ADF47255D60740075AC99 /* Base */ = {isa = PBXFileReference; lastKnownFileType = file.storyboard; name = Base; path = Base.lproj/LaunchScreen.storyboard; sourceTree = "<group>"; };
		620ADF49255D60740075AC99 /* Info.plist */ = {isa = PBXFileReference; lastKnownFileType = text.plist.xml; path = Info.plist; sourceTree = "<group>"; };
		625639E4255D736500F3F411 /* Movie.swift */ = {isa = PBXFileReference; lastKnownFileType = sourcecode.swift; path = Movie.swift; sourceTree = "<group>"; };
		625639E7255D74D500F3F411 /* MovieManager.swift */ = {isa = PBXFileReference; lastKnownFileType = sourcecode.swift; path = MovieManager.swift; sourceTree = "<group>"; };
		625639EA255D752A00F3F411 /* HighlightCell.swift */ = {isa = PBXFileReference; lastKnownFileType = sourcecode.swift; path = HighlightCell.swift; sourceTree = "<group>"; };
		625639EE255D896500F3F411 /* PreviewCell.swift */ = {isa = PBXFileReference; lastKnownFileType = sourcecode.swift; path = PreviewCell.swift; sourceTree = "<group>"; };
		625639F2255D89BC00F3F411 /* MovieCell.swift */ = {isa = PBXFileReference; lastKnownFileType = sourcecode.swift; path = MovieCell.swift; sourceTree = "<group>"; };
		625639F5255D8B7500F3F411 /* UIImageViewExtensions.swift */ = {isa = PBXFileReference; lastKnownFileType = sourcecode.swift; path = UIImageViewExtensions.swift; sourceTree = "<group>"; };
		625639F8255D986900F3F411 /* RecomentationsCell.swift */ = {isa = PBXFileReference; lastKnownFileType = sourcecode.swift; path = RecomentationsCell.swift; sourceTree = "<group>"; };
		625639FB255D99B700F3F411 /* TitleHeaderView.swift */ = {isa = PBXFileReference; lastKnownFileType = sourcecode.swift; path = TitleHeaderView.swift; sourceTree = "<group>"; };
/* End PBXFileReference section */

/* Begin PBXFrameworksBuildPhase section */
		620ADF35255D60740075AC99 /* Frameworks */ = {
			isa = PBXFrameworksBuildPhase;
			buildActionMask = 2147483647;
			files = (
			);
			runOnlyForDeploymentPostprocessing = 0;
		};
/* End PBXFrameworksBuildPhase section */

/* Begin PBXGroup section */
		620ADF2F255D60740075AC99 = {
			isa = PBXGroup;
			children = (
				620ADF3A255D60740075AC99 /* Netflix layout clone */,
				620ADF39255D60740075AC99 /* Products */,
			);
			sourceTree = "<group>";
		};
		620ADF39255D60740075AC99 /* Products */ = {
			isa = PBXGroup;
			children = (
				620ADF38255D60740075AC99 /* Netflix layout clone.app */,
			);
			name = Products;
			sourceTree = "<group>";
		};
		620ADF3A255D60740075AC99 /* Netflix layout clone */ = {
			isa = PBXGroup;
			children = (
				620ADF58255D654F0075AC99 /* DataManagers */,
				620ADF57255D653D0075AC99 /* Extensions */,
				620ADF56255D652D0075AC99 /* Models */,
				620ADF53255D64F80075AC99 /* Delegats */,
				620ADF51255D64E60075AC99 /* Controllers */,
				620ADF50255D64DA0075AC99 /* Views */,
				620ADF55255D650F0075AC99 /* Resources */,
				620ADF49255D60740075AC99 /* Info.plist */,
			);
			path = "Netflix layout clone";
			sourceTree = "<group>";
		};
		620ADF50255D64DA0075AC99 /* Views */ = {
			isa = PBXGroup;
			children = (
				620ADF46255D60740075AC99 /* LaunchScreen.storyboard */,
				620ADF41255D60740075AC99 /* Main.storyboard */,
				625639F8255D986900F3F411 /* RecomentationsCell.swift */,
				625639EA255D752A00F3F411 /* HighlightCell.swift */,
				625639FB255D99B700F3F411 /* TitleHeaderView.swift */,
				625639F2255D89BC00F3F411 /* MovieCell.swift */,
				625639EE255D896500F3F411 /* PreviewCell.swift */,
			);
			path = Views;
			sourceTree = "<group>";
		};
		620ADF51255D64E60075AC99 /* Controllers */ = {
			isa = PBXGroup;
			children = (
				620ADF3F255D60740075AC99 /* MovieFeedViewController.swift */,
			);
			path = Controllers;
			sourceTree = "<group>";
		};
		620ADF53255D64F80075AC99 /* Delegats */ = {
			isa = PBXGroup;
			children = (
				620ADF3B255D60740075AC99 /* AppDelegate.swift */,
				620ADF3D255D60740075AC99 /* SceneDelegate.swift */,
			);
			path = Delegats;
			sourceTree = "<group>";
		};
		620ADF55255D650F0075AC99 /* Resources */ = {
			isa = PBXGroup;
			children = (
				620ADF44255D60740075AC99 /* Assets.xcassets */,
			);
			path = Resources;
			sourceTree = "<group>";
		};
		620ADF56255D652D0075AC99 /* Models */ = {
			isa = PBXGroup;
			children = (
				625639E4255D736500F3F411 /* Movie.swift */,
			);
			path = Models;
			sourceTree = "<group>";
		};
		620ADF57255D653D0075AC99 /* Extensions */ = {
			isa = PBXGroup;
			children = (
				625639F5255D8B7500F3F411 /* UIImageViewExtensions.swift */,
			);
			path = Extensions;
			sourceTree = "<group>";
		};
		620ADF58255D654F0075AC99 /* DataManagers */ = {
			isa = PBXGroup;
			children = (
				625639E7255D74D500F3F411 /* MovieManager.swift */,
			);
			path = DataManagers;
			sourceTree = "<group>";
		};
/* End PBXGroup section */

/* Begin PBXNativeTarget section */
		620ADF37255D60740075AC99 /* Netflix layout clone */ = {
			isa = PBXNativeTarget;
			buildConfigurationList = 620ADF4C255D60740075AC99 /* Build configuration list for PBXNativeTarget "Netflix layout clone" */;
			buildPhases = (
				620ADF34255D60740075AC99 /* Sources */,
				620ADF35255D60740075AC99 /* Frameworks */,
				620ADF36255D60740075AC99 /* Resources */,
			);
			buildRules = (
			);
			dependencies = (
			);
			name = "Netflix layout clone";
			productName = "Netflix layout clone";
			productReference = 620ADF38255D60740075AC99 /* Netflix layout clone.app */;
			productType = "com.apple.product-type.application";
		};
/* End PBXNativeTarget section */

/* Begin PBXProject section */
		620ADF30255D60740075AC99 /* Project object */ = {
			isa = PBXProject;
			attributes = {
				LastSwiftUpdateCheck = 1210;
				LastUpgradeCheck = 1210;
				TargetAttributes = {
					620ADF37255D60740075AC99 = {
						CreatedOnToolsVersion = 12.1;
					};
				};
			};
			buildConfigurationList = 620ADF33255D60740075AC99 /* Build configuration list for PBXProject "Netflix layout clone" */;
			compatibilityVersion = "Xcode 9.3";
			developmentRegion = en;
			hasScannedForEncodings = 0;
			knownRegions = (
				en,
				Base,
			);
			mainGroup = 620ADF2F255D60740075AC99;
			productRefGroup = 620ADF39255D60740075AC99 /* Products */;
			projectDirPath = "";
			projectRoot = "";
			targets = (
				620ADF37255D60740075AC99 /* Netflix layout clone */,
			);
		};
/* End PBXProject section */

/* Begin PBXResourcesBuildPhase section */
		620ADF36255D60740075AC99 /* Resources */ = {
			isa = PBXResourcesBuildPhase;
			buildActionMask = 2147483647;
			files = (
				620ADF48255D60740075AC99 /* LaunchScreen.storyboard in Resources */,
				620ADF45255D60740075AC99 /* Assets.xcassets in Resources */,
				620ADF43255D60740075AC99 /* Main.storyboard in Resources */,
			);
			runOnlyForDeploymentPostprocessing = 0;
		};
/* End PBXResourcesBuildPhase section */

/* Begin PBXSourcesBuildPhase section */
		620ADF34255D60740075AC99 /* Sources */ = {
			isa = PBXSourcesBuildPhase;
			buildActionMask = 2147483647;
			files = (
				625639EB255D752A00F3F411 /* HighlightCell.swift in Sources */,
				620ADF40255D60740075AC99 /* MovieFeedViewController.swift in Sources */,
				625639F9255D986900F3F411 /* RecomentationsCell.swift in Sources */,
				625639F3255D89BC00F3F411 /* MovieCell.swift in Sources */,
				620ADF3C255D60740075AC99 /* AppDelegate.swift in Sources */,
				625639F6255D8B7500F3F411 /* UIImageViewExtensions.swift in Sources */,
				625639E8255D74D500F3F411 /* MovieManager.swift in Sources */,
				625639E5255D736500F3F411 /* Movie.swift in Sources */,
				620ADF3E255D60740075AC99 /* SceneDelegate.swift in Sources */,
				625639FC255D99B700F3F411 /* TitleHeaderView.swift in Sources */,
				625639EF255D896500F3F411 /* PreviewCell.swift in Sources */,
			);
			runOnlyForDeploymentPostprocessing = 0;
		};
/* End PBXSourcesBuildPhase section */

/* Begin PBXVariantGroup section */
		620ADF41255D60740075AC99 /* Main.storyboard */ = {
			isa = PBXVariantGroup;
			children = (
				620ADF42255D60740075AC99 /* Base */,
			);
			name = Main.storyboard;
			sourceTree = "<group>";
		};
		620ADF46255D60740075AC99 /* LaunchScreen.storyboard */ = {
			isa = PBXVariantGroup;
			children = (
				620ADF47255D60740075AC99 /* Base */,
			);
			name = LaunchScreen.storyboard;
			sourceTree = "<group>";
		};
/* End PBXVariantGroup section */

/* Begin XCBuildConfiguration section */
		620ADF4A255D60740075AC99 /* Debug */ = {
			isa = XCBuildConfiguration;
			buildSettings = {
				ALWAYS_SEARCH_USER_PATHS = NO;
				CLANG_ANALYZER_NONNULL = YES;
				CLANG_ANALYZER_NUMBER_OBJECT_CONVERSION = YES_AGGRESSIVE;
				CLANG_CXX_LANGUAGE_STANDARD = "gnu++14";
				CLANG_CXX_LIBRARY = "libc++";
				CLANG_ENABLE_MODULES = YES;
				CLANG_ENABLE_OBJC_ARC = YES;
				CLANG_ENABLE_OBJC_WEAK = YES;
				CLANG_WARN_BLOCK_CAPTURE_AUTORELEASING = YES;
				CLANG_WARN_BOOL_CONVERSION = YES;
				CLANG_WARN_COMMA = YES;
				CLANG_WARN_CONSTANT_CONVERSION = YES;
				CLANG_WARN_DEPRECATED_OBJC_IMPLEMENTATIONS = YES;
				CLANG_WARN_DIRECT_OBJC_ISA_USAGE = YES_ERROR;
				CLANG_WARN_DOCUMENTATION_COMMENTS = YES;
				CLANG_WARN_EMPTY_BODY = YES;
				CLANG_WARN_ENUM_CONVERSION = YES;
				CLANG_WARN_INFINITE_RECURSION = YES;
				CLANG_WARN_INT_CONVERSION = YES;
				CLANG_WARN_NON_LITERAL_NULL_CONVERSION = YES;
				CLANG_WARN_OBJC_IMPLICIT_RETAIN_SELF = YES;
				CLANG_WARN_OBJC_LITERAL_CONVERSION = YES;
				CLANG_WARN_OBJC_ROOT_CLASS = YES_ERROR;
				CLANG_WARN_QUOTED_INCLUDE_IN_FRAMEWORK_HEADER = YES;
				CLANG_WARN_RANGE_LOOP_ANALYSIS = YES;
				CLANG_WARN_STRICT_PROTOTYPES = YES;
				CLANG_WARN_SUSPICIOUS_MOVE = YES;
				CLANG_WARN_UNGUARDED_AVAILABILITY = YES_AGGRESSIVE;
				CLANG_WARN_UNREACHABLE_CODE = YES;
				CLANG_WARN__DUPLICATE_METHOD_MATCH = YES;
				COPY_PHASE_STRIP = NO;
				DEBUG_INFORMATION_FORMAT = dwarf;
				ENABLE_STRICT_OBJC_MSGSEND = YES;
				ENABLE_TESTABILITY = YES;
				GCC_C_LANGUAGE_STANDARD = gnu11;
				GCC_DYNAMIC_NO_PIC = NO;
				GCC_NO_COMMON_BLOCKS = YES;
				GCC_OPTIMIZATION_LEVEL = 0;
				GCC_PREPROCESSOR_DEFINITIONS = (
					"DEBUG=1",
					"$(inherited)",
				);
				GCC_WARN_64_TO_32_BIT_CONVERSION = YES;
				GCC_WARN_ABOUT_RETURN_TYPE = YES_ERROR;
				GCC_WARN_UNDECLARED_SELECTOR = YES;
				GCC_WARN_UNINITIALIZED_AUTOS = YES_AGGRESSIVE;
				GCC_WARN_UNUSED_FUNCTION = YES;
				GCC_WARN_UNUSED_VARIABLE = YES;
				IPHONEOS_DEPLOYMENT_TARGET = 14.1;
				MTL_ENABLE_DEBUG_INFO = INCLUDE_SOURCE;
				MTL_FAST_MATH = YES;
				ONLY_ACTIVE_ARCH = YES;
				SDKROOT = iphoneos;
				SWIFT_ACTIVE_COMPILATION_CONDITIONS = DEBUG;
				SWIFT_OPTIMIZATION_LEVEL = "-Onone";
			};
			name = Debug;
		};
		620ADF4B255D60740075AC99 /* Release */ = {
			isa = XCBuildConfiguration;
			buildSettings = {
				ALWAYS_SEARCH_USER_PATHS = NO;
				CLANG_ANALYZER_NONNULL = YES;
				CLANG_ANALYZER_NUMBER_OBJECT_CONVERSION = YES_AGGRESSIVE;
				CLANG_CXX_LANGUAGE_STANDARD = "gnu++14";
				CLANG_CXX_LIBRARY = "libc++";
				CLANG_ENABLE_MODULES = YES;
				CLANG_ENABLE_OBJC_ARC = YES;
				CLANG_ENABLE_OBJC_WEAK = YES;
				CLANG_WARN_BLOCK_CAPTURE_AUTORELEASING = YES;
				CLANG_WARN_BOOL_CONVERSION = YES;
				CLANG_WARN_COMMA = YES;
				CLANG_WARN_CONSTANT_CONVERSION = YES;
				CLANG_WARN_DEPRECATED_OBJC_IMPLEMENTATIONS = YES;
				CLANG_WARN_DIRECT_OBJC_ISA_USAGE = YES_ERROR;
				CLANG_WARN_DOCUMENTATION_COMMENTS = YES;
				CLANG_WARN_EMPTY_BODY = YES;
				CLANG_WARN_ENUM_CONVERSION = YES;
				CLANG_WARN_INFINITE_RECURSION = YES;
				CLANG_WARN_INT_CONVERSION = YES;
				CLANG_WARN_NON_LITERAL_NULL_CONVERSION = YES;
				CLANG_WARN_OBJC_IMPLICIT_RETAIN_SELF = YES;
				CLANG_WARN_OBJC_LITERAL_CONVERSION = YES;
				CLANG_WARN_OBJC_ROOT_CLASS = YES_ERROR;
				CLANG_WARN_QUOTED_INCLUDE_IN_FRAMEWORK_HEADER = YES;
				CLANG_WARN_RANGE_LOOP_ANALYSIS = YES;
				CLANG_WARN_STRICT_PROTOTYPES = YES;
				CLANG_WARN_SUSPICIOUS_MOVE = YES;
				CLANG_WARN_UNGUARDED_AVAILABILITY = YES_AGGRESSIVE;
				CLANG_WARN_UNREACHABLE_CODE = YES;
				CLANG_WARN__DUPLICATE_METHOD_MATCH = YES;
				COPY_PHASE_STRIP = NO;
				DEBUG_INFORMATION_FORMAT = "dwarf-with-dsym";
				ENABLE_NS_ASSERTIONS = NO;
				ENABLE_STRICT_OBJC_MSGSEND = YES;
				GCC_C_LANGUAGE_STANDARD = gnu11;
				GCC_NO_COMMON_BLOCKS = YES;
				GCC_WARN_64_TO_32_BIT_CONVERSION = YES;
				GCC_WARN_ABOUT_RETURN_TYPE = YES_ERROR;
				GCC_WARN_UNDECLARED_SELECTOR = YES;
				GCC_WARN_UNINITIALIZED_AUTOS = YES_AGGRESSIVE;
				GCC_WARN_UNUSED_FUNCTION = YES;
				GCC_WARN_UNUSED_VARIABLE = YES;
				IPHONEOS_DEPLOYMENT_TARGET = 14.1;
				MTL_ENABLE_DEBUG_INFO = NO;
				MTL_FAST_MATH = YES;
				SDKROOT = iphoneos;
				SWIFT_COMPILATION_MODE = wholemodule;
				SWIFT_OPTIMIZATION_LEVEL = "-O";
				VALIDATE_PRODUCT = YES;
			};
			name = Release;
		};
		620ADF4D255D60740075AC99 /* Debug */ = {
			isa = XCBuildConfiguration;
			buildSettings = {
				ASSETCATALOG_COMPILER_APPICON_NAME = AppIcon;
				ASSETCATALOG_COMPILER_GLOBAL_ACCENT_COLOR_NAME = AccentColor;
				CODE_SIGN_STYLE = Automatic;
				INFOPLIST_FILE = "Netflix layout clone/Info.plist";
				LD_RUNPATH_SEARCH_PATHS = (
					"$(inherited)",
					"@executable_path/Frameworks",
				);
				PRODUCT_BUNDLE_IDENTIFIER = "com.roberto-fernandes.Netflix-layout-clone";
				PRODUCT_NAME = "$(TARGET_NAME)";
				SWIFT_VERSION = 5.0;
				TARGETED_DEVICE_FAMILY = "1,2";
			};
			name = Debug;
		};
		620ADF4E255D60740075AC99 /* Release */ = {
			isa = XCBuildConfiguration;
			buildSettings = {
				ASSETCATALOG_COMPILER_APPICON_NAME = AppIcon;
				ASSETCATALOG_COMPILER_GLOBAL_ACCENT_COLOR_NAME = AccentColor;
				CODE_SIGN_STYLE = Automatic;
				INFOPLIST_FILE = "Netflix layout clone/Info.plist";
				LD_RUNPATH_SEARCH_PATHS = (
					"$(inherited)",
					"@executable_path/Frameworks",
				);
				PRODUCT_BUNDLE_IDENTIFIER = "com.roberto-fernandes.Netflix-layout-clone";
				PRODUCT_NAME = "$(TARGET_NAME)";
				SWIFT_VERSION = 5.0;
				TARGETED_DEVICE_FAMILY = "1,2";
			};
			name = Release;
		};
/* End XCBuildConfiguration section */

/* Begin XCConfigurationList section */
		620ADF33255D60740075AC99 /* Build configuration list for PBXProject "Netflix layout clone" */ = {
			isa = XCConfigurationList;
			buildConfigurations = (
				620ADF4A255D60740075AC99 /* Debug */,
				620ADF4B255D60740075AC99 /* Release */,
			);
			defaultConfigurationIsVisible = 0;
			defaultConfigurationName = Release;
		};
		620ADF4C255D60740075AC99 /* Build configuration list for PBXNativeTarget "Netflix layout clone" */ = {
			isa = XCConfigurationList;
			buildConfigurations = (
				620ADF4D255D60740075AC99 /* Debug */,
				620ADF4E255D60740075AC99 /* Release */,
			);
			defaultConfigurationIsVisible = 0;
			defaultConfigurationName = Release;
		};
/* End XCConfigurationList section */
	};
	rootObject = 620ADF30255D60740075AC99 /* Project object */;
}
